
Microsoft Visual Studio Solution File, Format Version 12.00
# Visual Studio Version 16
VisualStudioVersion = 16.0.29509.3
MinimumVisualStudioVersion = 10.0.40219.1
Project("{9A19103F-16F7-4668-BE54-9A1E7A4F7556}") = "Support-SSL-Sample", "Support-SSL-Sample.csproj", "{857B52BC-AC81-4A74-A20E-0009DE707B37}"
EndProject
Global
	GlobalSection(SolutionConfigurationPlatforms) = preSolution
		Debug|Any CPU = Debug|Any CPU
		Release|Any CPU = Release|Any CPU
	EndGlobalSection
	GlobalSection(ProjectConfigurationPlatforms) = postSolution
		{857B52BC-AC81-4A74-A20E-0009DE707B37}.Debug|Any CPU.ActiveCfg = Debug|Any CPU
		{857B52BC-AC81-4A74-A20E-0009DE707B37}.Debug|Any CPU.Build.0 = Debug|Any CPU
		{857B52BC-AC81-4A74-A20E-0009DE707B37}.Release|Any CPU.ActiveCfg = Release|Any CPU
		{857B52BC-AC81-4A74-A20E-0009DE707B37}.Release|Any CPU.Build.0 = Release|Any CPU
	EndGlobalSection
	GlobalSection(SolutionProperties) = preSolution
		HideSolutionNode = FALSE
	EndGlobalSection
	GlobalSection(ExtensibilityGlobals) = postSolution
		SolutionGuid = {F0990CC2-31CF-4D6A-99F7-7A336A4A6A72}
	EndGlobalSection
EndGlobal
